
Microsoft Visual Studio Solution File, Format Version 12.00
# Visual Studio Version 16
VisualStudioVersion = 16.0.30114.105
MinimumVisualStudioVersion = 10.0.40219.1
Project("{9A19103F-16F7-4668-BE54-9A1E7A4F7556}") = "ESourcing.Products", "ESourcing.Products\ESourcing.Products.csproj", "{11CCE971-BD76-4F33-8624-12E3115B950F}"
EndProject
Project("{2150E333-8FDC-42A3-9474-1A3956D46DE8}") = "Products", "Products", "{019F44BE-2A9A-43AF-82BD-77C2A23C6CD6}"
EndProject
Project("{2150E333-8FDC-42A3-9474-1A3956D46DE8}") = "src", "src", "{157A216D-1FD0-4618-95E4-E75ADB381670}"
EndProject
Project("{2150E333-8FDC-42A3-9474-1A3956D46DE8}") = "ApiGateway", "ApiGateway", "{576044DA-65AE-4712-8163-ED289B2103F3}"
EndProject
Project("{2150E333-8FDC-42A3-9474-1A3956D46DE8}") = "Services", "Services", "{E8BFCDCD-4A8B-441A-ABD5-862866CE757F}"
EndProject
Project("{2150E333-8FDC-42A3-9474-1A3956D46DE8}") = "WebApp", "WebApp", "{F89BA7FD-E398-4B1D-BF98-B507F2A45280}"
EndProject
Project("{2150E333-8FDC-42A3-9474-1A3956D46DE8}") = "Common", "Common", "{5E1B2FF6-AA3E-46F3-84CD-9DBC2280EECE}"
EndProject
Project("{2150E333-8FDC-42A3-9474-1A3956D46DE8}") = "Order", "Order", "{DFAF7CC2-77CC-4D06-B644-E8703880CD6A}"
EndProject
Project("{2150E333-8FDC-42A3-9474-1A3956D46DE8}") = "Sourcing", "Sourcing", "{0F0023C7-8E8A-4068-9063-0320D74749A0}"
EndProject
Project("{E53339B2-1760-4266-BCC7-CA923CBCF16C}") = "docker-compose", "docker-compose.dcproj", "{0E03A6B5-D431-47CC-BC58-FE0A8D6FA97D}"
EndProject
Project("{9A19103F-16F7-4668-BE54-9A1E7A4F7556}") = "Esourcing.Sourcing", "Esourcing.Sourcing\Esourcing.Sourcing.csproj", "{1BC35B67-C4F3-40F8-A808-B9B223C9B08F}"
EndProject
Project("{9A19103F-16F7-4668-BE54-9A1E7A4F7556}") = "EventBusRabbitMQ", "EventBusRabbitMQ\EventBusRabbitMQ.csproj", "{D1A5A7C2-E70E-4E5B-9BB2-DAE2AB1291F6}"
EndProject
Project("{FAE04EC0-301F-11D3-BF4B-00C04F79EFBC}") = "ESourcing.Order", "ESourcing.Order\ESourcing.Order.csproj", "{ED46C5B6-A005-4EED-AB17-8D09D0C93F99}"
EndProject
Project("{FAE04EC0-301F-11D3-BF4B-00C04F79EFBC}") = "Ordering.Domain", "Ordering.Domain\Ordering.Domain.csproj", "{8AA49B2E-2D6D-43CA-ACD1-BE1194CB1691}"
EndProject
Project("{FAE04EC0-301F-11D3-BF4B-00C04F79EFBC}") = "Ordering.Application", "Ordering.Application\Ordering.Application.csproj", "{EA4DBE91-2B93-4F1D-900F-5ECCB1BB4807}"
EndProject
Project("{FAE04EC0-301F-11D3-BF4B-00C04F79EFBC}") = "Ordering.Infrastructure", "..\Ordering.Infrastructure\Ordering.Infrastructure.csproj", "{F3DDC2EB-16BE-40DC-831D-F985755003D0}"
EndProject
Global
	GlobalSection(SolutionConfigurationPlatforms) = preSolution
		Debug|Any CPU = Debug|Any CPU
		Debug|x64 = Debug|x64
		Debug|x86 = Debug|x86
		Release|Any CPU = Release|Any CPU
		Release|x64 = Release|x64
		Release|x86 = Release|x86
	EndGlobalSection
	GlobalSection(ProjectConfigurationPlatforms) = postSolution
		{11CCE971-BD76-4F33-8624-12E3115B950F}.Debug|Any CPU.ActiveCfg = Debug|Any CPU
		{11CCE971-BD76-4F33-8624-12E3115B950F}.Debug|Any CPU.Build.0 = Debug|Any CPU
		{11CCE971-BD76-4F33-8624-12E3115B950F}.Debug|x64.ActiveCfg = Debug|Any CPU
		{11CCE971-BD76-4F33-8624-12E3115B950F}.Debug|x64.Build.0 = Debug|Any CPU
		{11CCE971-BD76-4F33-8624-12E3115B950F}.Debug|x86.ActiveCfg = Debug|Any CPU
		{11CCE971-BD76-4F33-8624-12E3115B950F}.Debug|x86.Build.0 = Debug|Any CPU
		{11CCE971-BD76-4F33-8624-12E3115B950F}.Release|Any CPU.ActiveCfg = Release|Any CPU
		{11CCE971-BD76-4F33-8624-12E3115B950F}.Release|Any CPU.Build.0 = Release|Any CPU
		{11CCE971-BD76-4F33-8624-12E3115B950F}.Release|x64.ActiveCfg = Release|Any CPU
		{11CCE971-BD76-4F33-8624-12E3115B950F}.Release|x64.Build.0 = Release|Any CPU
		{11CCE971-BD76-4F33-8624-12E3115B950F}.Release|x86.ActiveCfg = Release|Any CPU
		{11CCE971-BD76-4F33-8624-12E3115B950F}.Release|x86.Build.0 = Release|Any CPU
		{0E03A6B5-D431-47CC-BC58-FE0A8D6FA97D}.Debug|Any CPU.ActiveCfg = Debug|Any CPU
		{0E03A6B5-D431-47CC-BC58-FE0A8D6FA97D}.Debug|Any CPU.Build.0 = Debug|Any CPU
		{0E03A6B5-D431-47CC-BC58-FE0A8D6FA97D}.Debug|x64.ActiveCfg = Debug|Any CPU
		{0E03A6B5-D431-47CC-BC58-FE0A8D6FA97D}.Debug|x64.Build.0 = Debug|Any CPU
		{0E03A6B5-D431-47CC-BC58-FE0A8D6FA97D}.Debug|x86.ActiveCfg = Debug|Any CPU
		{0E03A6B5-D431-47CC-BC58-FE0A8D6FA97D}.Debug|x86.Build.0 = Debug|Any CPU
		{0E03A6B5-D431-47CC-BC58-FE0A8D6FA97D}.Release|Any CPU.ActiveCfg = Release|Any CPU
		{0E03A6B5-D431-47CC-BC58-FE0A8D6FA97D}.Release|Any CPU.Build.0 = Release|Any CPU
		{0E03A6B5-D431-47CC-BC58-FE0A8D6FA97D}.Release|x64.ActiveCfg = Release|Any CPU
		{0E03A6B5-D431-47CC-BC58-FE0A8D6FA97D}.Release|x64.Build.0 = Release|Any CPU
		{0E03A6B5-D431-47CC-BC58-FE0A8D6FA97D}.Release|x86.ActiveCfg = Release|Any CPU
		{0E03A6B5-D431-47CC-BC58-FE0A8D6FA97D}.Release|x86.Build.0 = Release|Any CPU
		{1BC35B67-C4F3-40F8-A808-B9B223C9B08F}.Debug|Any CPU.ActiveCfg = Debug|Any CPU
		{1BC35B67-C4F3-40F8-A808-B9B223C9B08F}.Debug|Any CPU.Build.0 = Debug|Any CPU
		{1BC35B67-C4F3-40F8-A808-B9B223C9B08F}.Debug|x64.ActiveCfg = Debug|Any CPU
		{1BC35B67-C4F3-40F8-A808-B9B223C9B08F}.Debug|x64.Build.0 = Debug|Any CPU
		{1BC35B67-C4F3-40F8-A808-B9B223C9B08F}.Debug|x86.ActiveCfg = Debug|Any CPU
		{1BC35B67-C4F3-40F8-A808-B9B223C9B08F}.Debug|x86.Build.0 = Debug|Any CPU
		{1BC35B67-C4F3-40F8-A808-B9B223C9B08F}.Release|Any CPU.ActiveCfg = Release|Any CPU
		{1BC35B67-C4F3-40F8-A808-B9B223C9B08F}.Release|Any CPU.Build.0 = Release|Any CPU
		{1BC35B67-C4F3-40F8-A808-B9B223C9B08F}.Release|x64.ActiveCfg = Release|Any CPU
		{1BC35B67-C4F3-40F8-A808-B9B223C9B08F}.Release|x64.Build.0 = Release|Any CPU
		{1BC35B67-C4F3-40F8-A808-B9B223C9B08F}.Release|x86.ActiveCfg = Release|Any CPU
		{1BC35B67-C4F3-40F8-A808-B9B223C9B08F}.Release|x86.Build.0 = Release|Any CPU
		{D1A5A7C2-E70E-4E5B-9BB2-DAE2AB1291F6}.Debug|Any CPU.ActiveCfg = Debug|Any CPU
		{D1A5A7C2-E70E-4E5B-9BB2-DAE2AB1291F6}.Debug|Any CPU.Build.0 = Debug|Any CPU
		{D1A5A7C2-E70E-4E5B-9BB2-DAE2AB1291F6}.Debug|x64.ActiveCfg = Debug|Any CPU
		{D1A5A7C2-E70E-4E5B-9BB2-DAE2AB1291F6}.Debug|x64.Build.0 = Debug|Any CPU
		{D1A5A7C2-E70E-4E5B-9BB2-DAE2AB1291F6}.Debug|x86.ActiveCfg = Debug|Any CPU
		{D1A5A7C2-E70E-4E5B-9BB2-DAE2AB1291F6}.Debug|x86.Build.0 = Debug|Any CPU
		{D1A5A7C2-E70E-4E5B-9BB2-DAE2AB1291F6}.Release|Any CPU.ActiveCfg = Release|Any CPU
		{D1A5A7C2-E70E-4E5B-9BB2-DAE2AB1291F6}.Release|Any CPU.Build.0 = Release|Any CPU
		{D1A5A7C2-E70E-4E5B-9BB2-DAE2AB1291F6}.Release|x64.ActiveCfg = Release|Any CPU
		{D1A5A7C2-E70E-4E5B-9BB2-DAE2AB1291F6}.Release|x64.Build.0 = Release|Any CPU
		{D1A5A7C2-E70E-4E5B-9BB2-DAE2AB1291F6}.Release|x86.ActiveCfg = Release|Any CPU
		{D1A5A7C2-E70E-4E5B-9BB2-DAE2AB1291F6}.Release|x86.Build.0 = Release|Any CPU
		{ED46C5B6-A005-4EED-AB17-8D09D0C93F99}.Debug|Any CPU.ActiveCfg = Debug|Any CPU
		{ED46C5B6-A005-4EED-AB17-8D09D0C93F99}.Debug|Any CPU.Build.0 = Debug|Any CPU
		{ED46C5B6-A005-4EED-AB17-8D09D0C93F99}.Debug|x64.ActiveCfg = Debug|Any CPU
		{ED46C5B6-A005-4EED-AB17-8D09D0C93F99}.Debug|x64.Build.0 = Debug|Any CPU
		{ED46C5B6-A005-4EED-AB17-8D09D0C93F99}.Debug|x86.ActiveCfg = Debug|Any CPU
		{ED46C5B6-A005-4EED-AB17-8D09D0C93F99}.Debug|x86.Build.0 = Debug|Any CPU
		{ED46C5B6-A005-4EED-AB17-8D09D0C93F99}.Release|Any CPU.ActiveCfg = Release|Any CPU
		{ED46C5B6-A005-4EED-AB17-8D09D0C93F99}.Release|Any CPU.Build.0 = Release|Any CPU
		{ED46C5B6-A005-4EED-AB17-8D09D0C93F99}.Release|x64.ActiveCfg = Release|Any CPU
		{ED46C5B6-A005-4EED-AB17-8D09D0C93F99}.Release|x64.Build.0 = Release|Any CPU
		{ED46C5B6-A005-4EED-AB17-8D09D0C93F99}.Release|x86.ActiveCfg = Release|Any CPU
		{ED46C5B6-A005-4EED-AB17-8D09D0C93F99}.Release|x86.Build.0 = Release|Any CPU
		{8AA49B2E-2D6D-43CA-ACD1-BE1194CB1691}.Debug|Any CPU.ActiveCfg = Debug|Any CPU
		{8AA49B2E-2D6D-43CA-ACD1-BE1194CB1691}.Debug|Any CPU.Build.0 = Debug|Any CPU
		{8AA49B2E-2D6D-43CA-ACD1-BE1194CB1691}.Debug|x64.ActiveCfg = Debug|Any CPU
		{8AA49B2E-2D6D-43CA-ACD1-BE1194CB1691}.Debug|x64.Build.0 = Debug|Any CPU
		{8AA49B2E-2D6D-43CA-ACD1-BE1194CB1691}.Debug|x86.ActiveCfg = Debug|Any CPU
		{8AA49B2E-2D6D-43CA-ACD1-BE1194CB1691}.Debug|x86.Build.0 = Debug|Any CPU
		{8AA49B2E-2D6D-43CA-ACD1-BE1194CB1691}.Release|Any CPU.ActiveCfg = Release|Any CPU
		{8AA49B2E-2D6D-43CA-ACD1-BE1194CB1691}.Release|Any CPU.Build.0 = Release|Any CPU
		{8AA49B2E-2D6D-43CA-ACD1-BE1194CB1691}.Release|x64.ActiveCfg = Release|Any CPU
		{8AA49B2E-2D6D-43CA-ACD1-BE1194CB1691}.Release|x64.Build.0 = Release|Any CPU
		{8AA49B2E-2D6D-43CA-ACD1-BE1194CB1691}.Release|x86.ActiveCfg = Release|Any CPU
		{8AA49B2E-2D6D-43CA-ACD1-BE1194CB1691}.Release|x86.Build.0 = Release|Any CPU
		{EA4DBE91-2B93-4F1D-900F-5ECCB1BB4807}.Debug|Any CPU.ActiveCfg = Debug|Any CPU
		{EA4DBE91-2B93-4F1D-900F-5ECCB1BB4807}.Debug|Any CPU.Build.0 = Debug|Any CPU
		{EA4DBE91-2B93-4F1D-900F-5ECCB1BB4807}.Debug|x64.ActiveCfg = Debug|Any CPU
		{EA4DBE91-2B93-4F1D-900F-5ECCB1BB4807}.Debug|x64.Build.0 = Debug|Any CPU
		{EA4DBE91-2B93-4F1D-900F-5ECCB1BB4807}.Debug|x86.ActiveCfg = Debug|Any CPU
		{EA4DBE91-2B93-4F1D-900F-5ECCB1BB4807}.Debug|x86.Build.0 = Debug|Any CPU
		{EA4DBE91-2B93-4F1D-900F-5ECCB1BB4807}.Release|Any CPU.ActiveCfg = Release|Any CPU
		{EA4DBE91-2B93-4F1D-900F-5ECCB1BB4807}.Release|Any CPU.Build.0 = Release|Any CPU
		{EA4DBE91-2B93-4F1D-900F-5ECCB1BB4807}.Release|x64.ActiveCfg = Release|Any CPU
		{EA4DBE91-2B93-4F1D-900F-5ECCB1BB4807}.Release|x64.Build.0 = Release|Any CPU
		{EA4DBE91-2B93-4F1D-900F-5ECCB1BB4807}.Release|x86.ActiveCfg = Release|Any CPU
		{EA4DBE91-2B93-4F1D-900F-5ECCB1BB4807}.Release|x86.Build.0 = Release|Any CPU
		{F3DDC2EB-16BE-40DC-831D-F985755003D0}.Debug|Any CPU.ActiveCfg = Debug|Any CPU
		{F3DDC2EB-16BE-40DC-831D-F985755003D0}.Debug|Any CPU.Build.0 = Debug|Any CPU
		{F3DDC2EB-16BE-40DC-831D-F985755003D0}.Debug|x64.ActiveCfg = Debug|Any CPU
		{F3DDC2EB-16BE-40DC-831D-F985755003D0}.Debug|x64.Build.0 = Debug|Any CPU
		{F3DDC2EB-16BE-40DC-831D-F985755003D0}.Debug|x86.ActiveCfg = Debug|Any CPU
		{F3DDC2EB-16BE-40DC-831D-F985755003D0}.Debug|x86.Build.0 = Debug|Any CPU
		{F3DDC2EB-16BE-40DC-831D-F985755003D0}.Release|Any CPU.ActiveCfg = Release|Any CPU
		{F3DDC2EB-16BE-40DC-831D-F985755003D0}.Release|Any CPU.Build.0 = Release|Any CPU
		{F3DDC2EB-16BE-40DC-831D-F985755003D0}.Release|x64.ActiveCfg = Release|Any CPU
		{F3DDC2EB-16BE-40DC-831D-F985755003D0}.Release|x64.Build.0 = Release|Any CPU
		{F3DDC2EB-16BE-40DC-831D-F985755003D0}.Release|x86.ActiveCfg = Release|Any CPU
		{F3DDC2EB-16BE-40DC-831D-F985755003D0}.Release|x86.Build.0 = Release|Any CPU
	EndGlobalSection
	GlobalSection(SolutionProperties) = preSolution
		HideSolutionNode = FALSE
	EndGlobalSection
	GlobalSection(NestedProjects) = preSolution
		{11CCE971-BD76-4F33-8624-12E3115B950F} = {019F44BE-2A9A-43AF-82BD-77C2A23C6CD6}
		{019F44BE-2A9A-43AF-82BD-77C2A23C6CD6} = {E8BFCDCD-4A8B-441A-ABD5-862866CE757F}
		{576044DA-65AE-4712-8163-ED289B2103F3} = {157A216D-1FD0-4618-95E4-E75ADB381670}
		{E8BFCDCD-4A8B-441A-ABD5-862866CE757F} = {157A216D-1FD0-4618-95E4-E75ADB381670}
		{F89BA7FD-E398-4B1D-BF98-B507F2A45280} = {157A216D-1FD0-4618-95E4-E75ADB381670}
		{5E1B2FF6-AA3E-46F3-84CD-9DBC2280EECE} = {E8BFCDCD-4A8B-441A-ABD5-862866CE757F}
		{DFAF7CC2-77CC-4D06-B644-E8703880CD6A} = {E8BFCDCD-4A8B-441A-ABD5-862866CE757F}
		{0F0023C7-8E8A-4068-9063-0320D74749A0} = {E8BFCDCD-4A8B-441A-ABD5-862866CE757F}
		{1BC35B67-C4F3-40F8-A808-B9B223C9B08F} = {0F0023C7-8E8A-4068-9063-0320D74749A0}
		{D1A5A7C2-E70E-4E5B-9BB2-DAE2AB1291F6} = {5E1B2FF6-AA3E-46F3-84CD-9DBC2280EECE}
		{ED46C5B6-A005-4EED-AB17-8D09D0C93F99} = {DFAF7CC2-77CC-4D06-B644-E8703880CD6A}
		{8AA49B2E-2D6D-43CA-ACD1-BE1194CB1691} = {DFAF7CC2-77CC-4D06-B644-E8703880CD6A}
		{EA4DBE91-2B93-4F1D-900F-5ECCB1BB4807} = {DFAF7CC2-77CC-4D06-B644-E8703880CD6A}
		{F3DDC2EB-16BE-40DC-831D-F985755003D0} = {DFAF7CC2-77CC-4D06-B644-E8703880CD6A}
	EndGlobalSection
	GlobalSection(ExtensibilityGlobals) = postSolution
		SolutionGuid = {FF48EA00-1FA1-4722-A784-2B313C7057BD}
	EndGlobalSection
EndGlobal
